
Microsoft Visual Studio Solution File, Format Version 12.00
# Visual Studio 15
VisualStudioVersion = 15.0.27428.2037
MinimumVisualStudioVersion = 10.0.40219.1
Project("{FAE04EC0-301F-11D3-BF4B-00C04F79EFBC}") = "SortOdd", "SortOdd\SortOdd.csproj", "{CF729EEC-9C67-42C2-8209-E02C567A2653}"
EndProject
Global
	GlobalSection(SolutionConfigurationPlatforms) = preSolution
		Debug|Any CPU = Debug|Any CPU
		Release|Any CPU = Release|Any CPU
	EndGlobalSection
	GlobalSection(ProjectConfigurationPlatforms) = postSolution
		{CF729EEC-9C67-42C2-8209-E02C567A2653}.Debug|Any CPU.ActiveCfg = Debug|Any CPU
		{CF729EEC-9C67-42C2-8209-E02C567A2653}.Debug|Any CPU.Build.0 = Debug|Any CPU
		{CF729EEC-9C67-42C2-8209-E02C567A2653}.Release|Any CPU.ActiveCfg = Release|Any CPU
		{CF729EEC-9C67-42C2-8209-E02C567A2653}.Release|Any CPU.Build.0 = Release|Any CPU
	EndGlobalSection
	GlobalSection(SolutionProperties) = preSolution
		HideSolutionNode = FALSE
	EndGlobalSection
	GlobalSection(ExtensibilityGlobals) = postSolution
		SolutionGuid = {E18FCD43-1C81-4526-8AC1-92DC1D8EB106}
	EndGlobalSection
EndGlobal
