
Microsoft Visual Studio Solution File, Format Version 12.00
# Visual Studio 15
VisualStudioVersion = 15.0.27428.2037
MinimumVisualStudioVersion = 10.0.40219.1
Project("{FAE04EC0-301F-11D3-BF4B-00C04F79EFBC}") = "AnagramDetection", "AnagramDetection\AnagramDetection.csproj", "{DECBC9A2-C6B3-430A-9AF4-CCD6E4716357}"
EndProject
Global
	GlobalSection(SolutionConfigurationPlatforms) = preSolution
		Debug|Any CPU = Debug|Any CPU
		Release|Any CPU = Release|Any CPU
	EndGlobalSection
	GlobalSection(ProjectConfigurationPlatforms) = postSolution
		{DECBC9A2-C6B3-430A-9AF4-CCD6E4716357}.Debug|Any CPU.ActiveCfg = Debug|Any CPU
		{DECBC9A2-C6B3-430A-9AF4-CCD6E4716357}.Debug|Any CPU.Build.0 = Debug|Any CPU
		{DECBC9A2-C6B3-430A-9AF4-CCD6E4716357}.Release|Any CPU.ActiveCfg = Release|Any CPU
		{DECBC9A2-C6B3-430A-9AF4-CCD6E4716357}.Release|Any CPU.Build.0 = Release|Any CPU
	EndGlobalSection
	GlobalSection(SolutionProperties) = preSolution
		HideSolutionNode = FALSE
	EndGlobalSection
	GlobalSection(ExtensibilityGlobals) = postSolution
		SolutionGuid = {CCF68FF2-EE4A-4C1A-90EB-47B19E1D14C5}
	EndGlobalSection
EndGlobal
