
Microsoft Visual Studio Solution File, Format Version 12.00
# Visual Studio 15
VisualStudioVersion = 15.0.27703.2000
MinimumVisualStudioVersion = 10.0.40219.1
Project("{FAE04EC0-301F-11D3-BF4B-00C04F79EFBC}") = "MultiplesOf3Or5", "MultiplesOf3Or5\MultiplesOf3Or5.csproj", "{AB0E039E-CEC7-4D3D-82AE-CF5E2E5FA6BD}"
EndProject
Project("{FAE04EC0-301F-11D3-BF4B-00C04F79EFBC}") = "MultiplesOf3Or5Tests", "MultiplesOf3Or5Tests\MultiplesOf3Or5Tests.csproj", "{814E8026-2373-4DD7-9982-2834E320050B}"
EndProject
Global
	GlobalSection(SolutionConfigurationPlatforms) = preSolution
		Debug|Any CPU = Debug|Any CPU
		Release|Any CPU = Release|Any CPU
	EndGlobalSection
	GlobalSection(ProjectConfigurationPlatforms) = postSolution
		{AB0E039E-CEC7-4D3D-82AE-CF5E2E5FA6BD}.Debug|Any CPU.ActiveCfg = Debug|Any CPU
		{AB0E039E-CEC7-4D3D-82AE-CF5E2E5FA6BD}.Debug|Any CPU.Build.0 = Debug|Any CPU
		{AB0E039E-CEC7-4D3D-82AE-CF5E2E5FA6BD}.Release|Any CPU.ActiveCfg = Release|Any CPU
		{AB0E039E-CEC7-4D3D-82AE-CF5E2E5FA6BD}.Release|Any CPU.Build.0 = Release|Any CPU
		{814E8026-2373-4DD7-9982-2834E320050B}.Debug|Any CPU.ActiveCfg = Debug|Any CPU
		{814E8026-2373-4DD7-9982-2834E320050B}.Debug|Any CPU.Build.0 = Debug|Any CPU
		{814E8026-2373-4DD7-9982-2834E320050B}.Release|Any CPU.ActiveCfg = Release|Any CPU
		{814E8026-2373-4DD7-9982-2834E320050B}.Release|Any CPU.Build.0 = Release|Any CPU
	EndGlobalSection
	GlobalSection(SolutionProperties) = preSolution
		HideSolutionNode = FALSE
	EndGlobalSection
	GlobalSection(ExtensibilityGlobals) = postSolution
		SolutionGuid = {A6D33BE7-F429-4D71-9E53-E456B9C2DE70}
	EndGlobalSection
EndGlobal
